schema: '2.0'
stages:
  generate_proposals:
    cmd: python src/stages/generate_proposals.py
    deps:
    - path: data/raw/region/properties_session.csv
      hash: md5
      md5: 0e6d073d989866fb27a90fd793698401
      size: 457
    - path: src/classes/generate_region_proposals.py
      hash: md5
      md5: c8e6aded4e41afd48bdaf061ea71fdee
      size: 8655
    params:
      params.yaml:
        base:
          duration: 3
          overwrite: true
          fps: 30
          batch_size: 4
          keyboard_detection: true
        directory:
          video: 
            /Users/bubz/Developer/master-project/prototype/dvc-test-1/dyadiccnn3d/data/raw/video
          keyboard_detection: 
            /Users/bubz/Developer/master-project/prototype/dvc-test-1/dyadiccnn3d/data/raw/keyboard_detection
        files:
          videos:
          - GC2L2P-Jun28-B-Phuong_q2_01-08.mp4
          - GC2L2P-Jun28-B-Phuong_q2_02-08.mp4
          - GC2L2P-Jun28-B-Phuong_q2_03-08.mp4
          - GC2L2P-Jun28-B-Phuong_q2_04-08.mp4
          - GC2L2P-Jun28-B-Phuong_q2_05-08.mp4
          - GC2L2P-Jun28-B-Phuong_q2_06-08.mp4
          - GC2L2P-Jun28-B-Phuong_q2_07-08.mp4
          - GC2L2P-Jun28-B-Phuong_q2_08-08.mp4
          keyboard_detections:
          - GC2L2P-Jun28-B-Phuong_q2_01-08.csv
          - GC2L2P-Jun28-B-Phuong_q2_02-08.csv
          - GC2L2P-Jun28-B-Phuong_q2_03-08.csv
          - GC2L2P-Jun28-B-Phuong_q2_04-08.csv
          - GC2L2P-Jun28-B-Phuong_q2_05-08.csv
          - GC2L2P-Jun28-B-Phuong_q2_06-08.csv
          - GC2L2P-Jun28-B-Phuong_q2_07-08.csv
          - GC2L2P-Jun28-B-Phuong_q2_08-08.csv
          roi: 
            /Users/bubz/Developer/master-project/prototype/dvc-test-1/dyadiccnn3d/data/raw/region/video_roi.csv
          session_props: 
            /Users/bubz/Developer/master-project/prototype/dvc-test-1/dyadiccnn3d/data/raw/region/properties_session.csv
        generate_proposal:
          output_dir: 
            /Users/bubz/Developer/master-project/prototype/dvc-test-1/dyadiccnn3d/data/interim
          output_file: G-C2L2P-Jun28-B-Phuong_q2_tyrp_only_roi.csv
          overwrite: true
    outs:
    - path: data/interim/G-C2L2P-Jun28-B-Phuong_q2_tyrp_only_roi.csv
      hash: md5
      md5: d30a0a906cbbf17ca038b6a82c392ef6
      size: 1859078
  extract_proposals:
    cmd: python src/stages/extract_proposals.py
    deps:
    - path: data/interim/G-C2L2P-Jun28-B-Phuong_q2_tyrp_only_roi.csv
      hash: md5
      md5: cef44e13e985997bda2a43e2b1d6537b
      size: 2243331
    - path: data/raw/keyboard_detection
      hash: md5
      md5: 446dcde4cd4b1cad0cd032df4fa8ea8c.dir
      size: 336321
      nfiles: 8
    - path: data/raw/video
      hash: md5
      md5: 4df80c963064d26a4987620af5c30dde.dir
      size: 3244901832
      nfiles: 11
    - path: src/classes/extract_region_proposals.py
      hash: md5
      md5: 23f9c47f4e9333b33583a65cc7eef9a3
      size: 6247
    params:
      params.yaml:
        base:
          duration: 3
          overwrite: true
          fps: 30
          batch_size: 4
          keyboard_detection: true
        directory:
          video: 
            /Users/bubz/Developer/master-project/prototype/dvc-test-1/dyadiccnn3d/data/raw/video
          keyboard_detection: 
            /Users/bubz/Developer/master-project/prototype/dvc-test-1/dyadiccnn3d/data/raw/keyboard_detection
        extract_proposal:
          output_dir: 
            /Users/bubz/Developer/master-project/prototype/dvc-test-1/dyadiccnn3d/data/processed
          overwrite: true
        generate_proposal:
          output_dir: 
            /Users/bubz/Developer/master-project/prototype/dvc-test-1/dyadiccnn3d/data/interim
          output_file: G-C2L2P-Jun28-B-Phuong_q2_tyrp_only_roi.csv
          overwrite: true
    outs:
    - path: data/processed/proposals_kbdet
      hash: md5
      md5: a6282aa2b79dd590b3054d046cc464eb.dir
      size: 1243063284
      nfiles: 1774
    - path: data/processed/proposals_list_kbdet.txt
      hash: md5
      md5: 49d70b5c2e6ae5832b410238a7dd32be
      size: 137044
